{
  "requires": true,
  "lockfileVersion": 1,
  "dependencies": {
    "@livechat/angular-widget": {
      "version": "0.0.6",
      "resolved": "https://registry.npmjs.org/@livechat/angular-widget/-/angular-widget-0.0.6.tgz",
      "integrity": "sha512-MFDDe0zUQFvfSfwRASDmh7nX4BKsdDaKg7hInyrwha3TKk3pkQpjuZ8O4s/baFeuOH1kwF+okQ4IoUyzb+wp8Q=="
    }
  }
}
